{
  "name": "Digital-Logbook",
  "lockfileVersion": 3,
  "requires": true,
  "packages": {
    "": {
      "dependencies": {
        "@orpc/client": "^1.13.14",
        "@orpc/server": "^1.13.14",
        "zod": "^4.3.6"
      }
    },
    "node_modules/@orpc/client": {
      "version": "1.13.14",
      "resolved": "https://registry.npmjs.org/@orpc/client/-/client-1.13.14.tgz",
      "integrity": "sha512-JQf3lO//UGHmmkd8+9fuWuh1gga1lhWuKnsT19cui7F6WizBy0NdFSVQerOsSy2c1kxOthlD7GnicGgSY2rhQA==",
      "license": "MIT",
      "dependencies": {
        "@orpc/shared": "1.13.14",
        "@orpc/standard-server": "1.13.14",
        "@orpc/standard-server-fetch": "1.13.14",
        "@orpc/standard-server-peer": "1.13.14"
      }
    },
    "node_modules/@orpc/contract": {
      "version": "1.13.14",
      "resolved": "https://registry.npmjs.org/@orpc/contract/-/contract-1.13.14.tgz",
      "integrity": "sha512-MfsjaQQDVcs4wHmdl5N/7vkwMnQ41nlojWXyRfRXNJHQczqBzM6sYaTJuUPXlw4YbIu64KHZ5nbbtwNCO5YXsg==",
      "license": "MIT",
      "dependencies": {
        "@orpc/client": "1.13.14",
        "@orpc/shared": "1.13.14",
        "@standard-schema/spec": "^1.1.0",
        "openapi-types": "^12.1.3"
      }
    },
    "node_modules/@orpc/interop": {
      "version": "1.13.14",
      "resolved": "https://registry.npmjs.org/@orpc/interop/-/interop-1.13.14.tgz",
      "integrity": "sha512-7umABTBzQMNTX8dTKrbIOu9g5XJuMeqijC6Gu6jlaVP90e8D57n7Zv6HfwSgPVq0oQXf9n/ENptzVj3TpxpXsQ==",
      "license": "MIT"
    },
    "node_modules/@orpc/server": {
      "version": "1.13.14",
      "resolved": "https://registry.npmjs.org/@orpc/server/-/server-1.13.14.tgz",
      "integrity": "sha512-bF+sNbSHBgs1uwzHXgTxcxWIG42ryX+w32l+FJRHrAmGma+S8PmS1X2HZ/J7XycyYVBJMUUzBr8M88pP+UcdxQ==",
      "license": "MIT",
      "dependencies": {
        "@orpc/client": "1.13.14",
        "@orpc/contract": "1.13.14",
        "@orpc/interop": "1.13.14",
        "@orpc/shared": "1.13.14",
        "@orpc/standard-server": "1.13.14",
        "@orpc/standard-server-aws-lambda": "1.13.14",
        "@orpc/standard-server-fastify": "1.13.14",
        "@orpc/standard-server-fetch": "1.13.14",
        "@orpc/standard-server-node": "1.13.14",
        "@orpc/standard-server-peer": "1.13.14",
        "cookie": "^1.1.1"
      },
      "peerDependencies": {
        "crossws": ">=0.3.4",
        "ws": ">=8.18.1"
      },
      "peerDependenciesMeta": {
        "crossws": {
          "optional": true
        },
        "ws": {
          "optional": true
        }
      }
    },
    "node_modules/@orpc/shared": {
      "version": "1.13.14",
      "resolved": "https://registry.npmjs.org/@orpc/shared/-/shared-1.13.14.tgz",
      "integrity": "sha512-/ri8ttSX+ppoo01d3LdqQ4Xh6VZS5PYRYmHxTvO8tuyiqBJhN18d8P1VtEW4T9hetoK7JZKeU7EAeqVUnCF9WA==",
      "license": "MIT",
      "dependencies": {
        "radash": "^12.1.1",
        "type-fest": "^5.4.4"
      },
      "peerDependencies": {
        "@opentelemetry/api": ">=1.9.0"
      },
      "peerDependenciesMeta": {
        "@opentelemetry/api": {
          "optional": true
        }
      }
    },
    "node_modules/@orpc/standard-server": {
      "version": "1.13.14",
      "resolved": "https://registry.npmjs.org/@orpc/standard-server/-/standard-server-1.13.14.tgz",
      "integrity": "sha512-o8PaDERiwREFQpIZO0mQ1PhguchyNzrf1w7m3eK1JB4rPjHu1VJUgqCpy/sV3Id5ji4bX/gKHEC3NZjDX6mEWQ==",
      "license": "MIT",
      "dependencies": {
        "@orpc/shared": "1.13.14"
      }
    },
    "node_modules/@orpc/standard-server-aws-lambda": {
      "version": "1.13.14",
      "resolved": "https://registry.npmjs.org/@orpc/standard-server-aws-lambda/-/standard-server-aws-lambda-1.13.14.tgz",
      "integrity": "sha512-5P1ZzgS6zKTjjI0SaCgMlTF5PM4dbOlmP2Zm2Lh1ool/iNvjMzXSb86pbKrWOo5/V8dzn4GMyCgNso9za1nUMg==",
      "license": "MIT",
      "dependencies": {
        "@orpc/shared": "1.13.14",
        "@orpc/standard-server": "1.13.14",
        "@orpc/standard-server-fetch": "1.13.14",
        "@orpc/standard-server-node": "1.13.14"
      }
    },
    "node_modules/@orpc/standard-server-fastify": {
      "version": "1.13.14",
      "resolved": "https://registry.npmjs.org/@orpc/standard-server-fastify/-/standard-server-fastify-1.13.14.tgz",
      "integrity": "sha512-DcgL5UFjHENGj1gWiQig4iObMNnnw8z7UrfTELTCejQ9NAWE8aGYdx4bZ/hk4JkieLJ+9aosGK57di6xXBtvPA==",
      "license": "MIT",
      "dependencies": {
        "@orpc/shared": "1.13.14",
        "@orpc/standard-server": "1.13.14",
        "@orpc/standard-server-node": "1.13.14"
      },
      "peerDependencies": {
        "fastify": ">=5.6.1"
      },
      "peerDependenciesMeta": {
        "fastify": {
          "optional": true
        }
      }
    },
    "node_modules/@orpc/standard-server-fetch": {
      "version": "1.13.14",
      "resolved": "https://registry.npmjs.org/@orpc/standard-server-fetch/-/standard-server-fetch-1.13.14.tgz",
      "integrity": "sha512-k2zkCi98qd3NkvWhUX/Yece/qjB+o07g/gHC509YB5HbOGtBV/da3eseYjFyzBx5LDxMz28BOALI8/q/YDhKZw==",
      "license": "MIT",
      "dependencies": {
        "@orpc/shared": "1.13.14",
        "@orpc/standard-server": "1.13.14"
      }
    },
    "node_modules/@orpc/standard-server-node": {
      "version": "1.13.14",
      "resolved": "https://registry.npmjs.org/@orpc/standard-server-node/-/standard-server-node-1.13.14.tgz",
      "integrity": "sha512-GKMWfMuKX+dycpEFMoFrGY+zhZMKPoR9HSM66Ebn/ixr2qCVfQaoudPa9MAgP+fv/ctZx+nkt1rR7esUFMdMAg==",
      "license": "MIT",
      "dependencies": {
        "@orpc/shared": "1.13.14",
        "@orpc/standard-server": "1.13.14",
        "@orpc/standard-server-fetch": "1.13.14"
      }
    },
    "node_modules/@orpc/standard-server-peer": {
      "version": "1.13.14",
      "resolved": "https://registry.npmjs.org/@orpc/standard-server-peer/-/standard-server-peer-1.13.14.tgz",
      "integrity": "sha512-jinseQ8bn7XQOHjsCXhR1HiF3wAwn1xEQPpnE/av0PoOi4h0ATvhZjDLaRHvRavs8YwrIqwSuAuYT/hDxON58A==",
      "license": "MIT",
      "dependencies": {
        "@orpc/shared": "1.13.14",
        "@orpc/standard-server": "1.13.14"
      }
    },
    "node_modules/@standard-schema/spec": {
      "version": "1.1.0",
      "resolved": "https://registry.npmjs.org/@standard-schema/spec/-/spec-1.1.0.tgz",
      "integrity": "sha512-l2aFy5jALhniG5HgqrD6jXLi/rUWrKvqN/qJx6yoJsgKhblVd+iqqU4RCXavm/jPityDo5TCvKMnpjKnOriy0w==",
      "license": "MIT"
    },
    "node_modules/cookie": {
      "version": "1.1.1",
      "resolved": "https://registry.npmjs.org/cookie/-/cookie-1.1.1.tgz",
      "integrity": "sha512-ei8Aos7ja0weRpFzJnEA9UHJ/7XQmqglbRwnf2ATjcB9Wq874VKH9kfjjirM6UhU2/E5fFYadylyhFldcqSidQ==",
      "license": "MIT",
      "engines": {
        "node": ">=18"
      },
      "funding": {
        "type": "opencollective",
        "url": "https://opencollective.com/express"
      }
    },
    "node_modules/openapi-types": {
      "version": "12.1.3",
      "resolved": "https://registry.npmjs.org/openapi-types/-/openapi-types-12.1.3.tgz",
      "integrity": "sha512-N4YtSYJqghVu4iek2ZUvcN/0aqH1kRDuNqzcycDxhOUpg7GdvLa2F3DgS6yBNhInhv2r/6I0Flkn7CqL8+nIcw==",
      "license": "MIT"
    },
    "node_modules/radash": {
      "version": "12.1.1",
      "resolved": "https://registry.npmjs.org/radash/-/radash-12.1.1.tgz",
      "integrity": "sha512-h36JMxKRqrAxVD8201FrCpyeNuUY9Y5zZwujr20fFO77tpUtGa6EZzfKw/3WaiBX95fq7+MpsuMLNdSnORAwSA==",
      "license": "MIT",
      "engines": {
        "node": ">=14.18.0"
      }
    },
    "node_modules/tagged-tag": {
      "version": "1.0.0",
      "resolved": "https://registry.npmjs.org/tagged-tag/-/tagged-tag-1.0.0.tgz",
      "integrity": "sha512-yEFYrVhod+hdNyx7g5Bnkkb0G6si8HJurOoOEgC8B/O0uXLHlaey/65KRv6cuWBNhBgHKAROVpc7QyYqE5gFng==",
      "license": "MIT",
      "engines": {
        "node": ">=20"
      },
      "funding": {
        "url": "https://github.com/sponsors/sindresorhus"
      }
    },
    "node_modules/type-fest": {
      "version": "5.6.0",
      "resolved": "https://registry.npmjs.org/type-fest/-/type-fest-5.6.0.tgz",
      "integrity": "sha512-8ZiHFm91orbSAe2PSAiSVBVko18pbhbiB3U9GglSzF/zCGkR+rxpHx6sEMCUm4kxY4LjDIUGgCfUMtwfZfjfUA==",
      "license": "(MIT OR CC0-1.0)",
      "dependencies": {
        "tagged-tag": "^1.0.0"
      },
      "engines": {
        "node": ">=20"
      },
      "funding": {
        "url": "https://github.com/sponsors/sindresorhus"
      }
    },
    "node_modules/zod": {
      "version": "4.3.6",
      "resolved": "https://registry.npmjs.org/zod/-/zod-4.3.6.tgz",
      "integrity": "sha512-rftlrkhHZOcjDwkGlnUtZZkvaPHCsDATp4pGpuOOMDaTdDDXF91wuVDJoWoPsKX/3YPQ5fHuF3STjcYyKr+Qhg==",
      "license": "MIT",
      "funding": {
        "url": "https://github.com/sponsors/colinhacks"
      }
    }
  }
}
