{
  "name": "Digital-Logbook",
  "lockfileVersion": 3,
  "requires": true,
  "packages": {
    "": {
      "dependencies": {
        "@orpc/experimental-ratelimit": "^1.14.0"
      }
    },
    "node_modules/@orpc/client": {
      "version": "1.14.0",
      "resolved": "https://registry.npmjs.org/@orpc/client/-/client-1.14.0.tgz",
      "integrity": "sha512-TYVcj1s5bN9adggeqIXFdIdoBBUAMUxQwMNv6YagjiaZkGtqWUYd1Y1vU0Rn/9xHWF2+0hBZNUKUmP5qrQhIAw==",
      "license": "MIT",
      "dependencies": {
        "@orpc/shared": "1.14.0",
        "@orpc/standard-server": "1.14.0",
        "@orpc/standard-server-fetch": "1.14.0",
        "@orpc/standard-server-peer": "1.14.0"
      }
    },
    "node_modules/@orpc/contract": {
      "version": "1.14.0",
      "resolved": "https://registry.npmjs.org/@orpc/contract/-/contract-1.14.0.tgz",
      "integrity": "sha512-FUxBNqWr6mOjI+w1JPzO/iHmR3M+GA53ivaxp+eOnQu7g3ZGKB0RS5gJ/oz3cGF1gvuIcCw9FVYKK/5tkB8I1Q==",
      "license": "MIT",
      "dependencies": {
        "@orpc/client": "1.14.0",
        "@orpc/shared": "1.14.0",
        "@standard-schema/spec": "^1.1.0",
        "openapi-types": "^12.1.3"
      }
    },
    "node_modules/@orpc/experimental-ratelimit": {
      "version": "1.14.0",
      "resolved": "https://registry.npmjs.org/@orpc/experimental-ratelimit/-/experimental-ratelimit-1.14.0.tgz",
      "integrity": "sha512-9RuGjwcyP8IYKEzjpYYTA7vbDNfrOdEIKBkkgB3MZoRoMajA/xv+CApqbkwpGbJa+I8UeZdnPjZ42PKZA/qVag==",
      "license": "MIT",
      "dependencies": {
        "@orpc/client": "1.14.0",
        "@orpc/server": "1.14.0",
        "@orpc/shared": "1.14.0",
        "@orpc/standard-server": "1.14.0"
      },
      "peerDependencies": {
        "@upstash/ratelimit": ">=2.0.7"
      },
      "peerDependenciesMeta": {
        "@upstash/ratelimit": {
          "optional": true
        }
      }
    },
    "node_modules/@orpc/interop": {
      "version": "1.14.0",
      "resolved": "https://registry.npmjs.org/@orpc/interop/-/interop-1.14.0.tgz",
      "integrity": "sha512-T4z8ehjks4rP8Z4XDObHBQjFiH61Wz8HlDaW4SR+GK0+u3h4l3+Fdwwxvm7ZWtY2zJEraqhaJhEHf90W7w50fA==",
      "license": "MIT"
    },
    "node_modules/@orpc/server": {
      "version": "1.14.0",
      "resolved": "https://registry.npmjs.org/@orpc/server/-/server-1.14.0.tgz",
      "integrity": "sha512-ktbwzdxOY0sCtBuSaGyQpwul31N56EV+e0m50wW+RJxhqpXWN87TEQf8S+19mgunDOMF1s1buoo5YZAWLSn7KQ==",
      "license": "MIT",
      "dependencies": {
        "@orpc/client": "1.14.0",
        "@orpc/contract": "1.14.0",
        "@orpc/interop": "1.14.0",
        "@orpc/shared": "1.14.0",
        "@orpc/standard-server": "1.14.0",
        "@orpc/standard-server-aws-lambda": "1.14.0",
        "@orpc/standard-server-fastify": "1.14.0",
        "@orpc/standard-server-fetch": "1.14.0",
        "@orpc/standard-server-node": "1.14.0",
        "@orpc/standard-server-peer": "1.14.0",
        "cookie": "^1.1.1"
      },
      "peerDependencies": {
        "crossws": ">=0.3.4",
        "ws": ">=8.18.1"
      },
      "peerDependenciesMeta": {
        "crossws": {
          "optional": true
        },
        "ws": {
          "optional": true
        }
      }
    },
    "node_modules/@orpc/shared": {
      "version": "1.14.0",
      "resolved": "https://registry.npmjs.org/@orpc/shared/-/shared-1.14.0.tgz",
      "integrity": "sha512-WNzofimsE3sKbkyAAwVKMwG4P7sL0fzDLUhXqEXuJ9Yjll+phy/jSRK9TupNMtsPyz9ViKHKCQcwmsdgIgn9Sg==",
      "license": "MIT",
      "dependencies": {
        "radash": "^12.1.1",
        "type-fest": "^5.4.4"
      },
      "peerDependencies": {
        "@opentelemetry/api": ">=1.9.0"
      },
      "peerDependenciesMeta": {
        "@opentelemetry/api": {
          "optional": true
        }
      }
    },
    "node_modules/@orpc/standard-server": {
      "version": "1.14.0",
      "resolved": "https://registry.npmjs.org/@orpc/standard-server/-/standard-server-1.14.0.tgz",
      "integrity": "sha512-zN3Q+ajsoLoxLYmONc1RkDyhIg1wENolrTly8HfodcR3gYrfFRcGhUzShqa/KdG47mK49Nps8rdeeMj6NT8EYw==",
      "license": "MIT",
      "dependencies": {
        "@orpc/shared": "1.14.0"
      }
    },
    "node_modules/@orpc/standard-server-aws-lambda": {
      "version": "1.14.0",
      "resolved": "https://registry.npmjs.org/@orpc/standard-server-aws-lambda/-/standard-server-aws-lambda-1.14.0.tgz",
      "integrity": "sha512-VotvWuCs2BvlQxvH6/4WrN/cQQVxDEZX4uop6okMQjejoP2qp5Nvb5VsVpUmpT94EGRaWsbDhb1nwF3gr20wvw==",
      "license": "MIT",
      "dependencies": {
        "@orpc/shared": "1.14.0",
        "@orpc/standard-server": "1.14.0",
        "@orpc/standard-server-fetch": "1.14.0",
        "@orpc/standard-server-node": "1.14.0"
      }
    },
    "node_modules/@orpc/standard-server-fastify": {
      "version": "1.14.0",
      "resolved": "https://registry.npmjs.org/@orpc/standard-server-fastify/-/standard-server-fastify-1.14.0.tgz",
      "integrity": "sha512-w0t8RxWIGNmBPOULJRQddu+kWPmBsGJ3RhUdbdaPXrLJM4nGcqub3GzWVoD+I1KXGmFuwCbUJkC+cZ/J69mG8Q==",
      "license": "MIT",
      "dependencies": {
        "@orpc/shared": "1.14.0",
        "@orpc/standard-server": "1.14.0",
        "@orpc/standard-server-node": "1.14.0"
      },
      "peerDependencies": {
        "fastify": ">=5.6.1"
      },
      "peerDependenciesMeta": {
        "fastify": {
          "optional": true
        }
      }
    },
    "node_modules/@orpc/standard-server-fetch": {
      "version": "1.14.0",
      "resolved": "https://registry.npmjs.org/@orpc/standard-server-fetch/-/standard-server-fetch-1.14.0.tgz",
      "integrity": "sha512-qg315ZVbQ+02WnLzep7YvCsXb8BdefZ7Zjt+/emu6+Ypgw4fS0O78jtMHy3r39YvdvC9U2hWt8hff1yKiVlvQA==",
      "license": "MIT",
      "dependencies": {
        "@orpc/shared": "1.14.0",
        "@orpc/standard-server": "1.14.0"
      }
    },
    "node_modules/@orpc/standard-server-node": {
      "version": "1.14.0",
      "resolved": "https://registry.npmjs.org/@orpc/standard-server-node/-/standard-server-node-1.14.0.tgz",
      "integrity": "sha512-nX2bpCfbTLsUigP6BGD8TFqNNvPiNEVnEDMlbHclsTvmMQbMMcK+aRralXqM67WSGT4xHxwMKa4CjAqJQFP7rw==",
      "license": "MIT",
      "dependencies": {
        "@orpc/shared": "1.14.0",
        "@orpc/standard-server": "1.14.0",
        "@orpc/standard-server-fetch": "1.14.0"
      }
    },
    "node_modules/@orpc/standard-server-peer": {
      "version": "1.14.0",
      "resolved": "https://registry.npmjs.org/@orpc/standard-server-peer/-/standard-server-peer-1.14.0.tgz",
      "integrity": "sha512-Phk8D04uxNJMLvl7JfJlWvfzDXwzfGweh4jmQI69zSV+flihp57dkZuk8gpTE7rfDClFiKCDauVsB/pQxwM09Q==",
      "license": "MIT",
      "dependencies": {
        "@orpc/shared": "1.14.0",
        "@orpc/standard-server": "1.14.0"
      }
    },
    "node_modules/@standard-schema/spec": {
      "version": "1.1.0",
      "resolved": "https://registry.npmjs.org/@standard-schema/spec/-/spec-1.1.0.tgz",
      "integrity": "sha512-l2aFy5jALhniG5HgqrD6jXLi/rUWrKvqN/qJx6yoJsgKhblVd+iqqU4RCXavm/jPityDo5TCvKMnpjKnOriy0w==",
      "license": "MIT"
    },
    "node_modules/cookie": {
      "version": "1.1.1",
      "resolved": "https://registry.npmjs.org/cookie/-/cookie-1.1.1.tgz",
      "integrity": "sha512-ei8Aos7ja0weRpFzJnEA9UHJ/7XQmqglbRwnf2ATjcB9Wq874VKH9kfjjirM6UhU2/E5fFYadylyhFldcqSidQ==",
      "license": "MIT",
      "engines": {
        "node": ">=18"
      },
      "funding": {
        "type": "opencollective",
        "url": "https://opencollective.com/express"
      }
    },
    "node_modules/openapi-types": {
      "version": "12.1.3",
      "resolved": "https://registry.npmjs.org/openapi-types/-/openapi-types-12.1.3.tgz",
      "integrity": "sha512-N4YtSYJqghVu4iek2ZUvcN/0aqH1kRDuNqzcycDxhOUpg7GdvLa2F3DgS6yBNhInhv2r/6I0Flkn7CqL8+nIcw==",
      "license": "MIT"
    },
    "node_modules/radash": {
      "version": "12.1.1",
      "resolved": "https://registry.npmjs.org/radash/-/radash-12.1.1.tgz",
      "integrity": "sha512-h36JMxKRqrAxVD8201FrCpyeNuUY9Y5zZwujr20fFO77tpUtGa6EZzfKw/3WaiBX95fq7+MpsuMLNdSnORAwSA==",
      "license": "MIT",
      "engines": {
        "node": ">=14.18.0"
      }
    },
    "node_modules/tagged-tag": {
      "version": "1.0.0",
      "resolved": "https://registry.npmjs.org/tagged-tag/-/tagged-tag-1.0.0.tgz",
      "integrity": "sha512-yEFYrVhod+hdNyx7g5Bnkkb0G6si8HJurOoOEgC8B/O0uXLHlaey/65KRv6cuWBNhBgHKAROVpc7QyYqE5gFng==",
      "license": "MIT",
      "engines": {
        "node": ">=20"
      },
      "funding": {
        "url": "https://github.com/sponsors/sindresorhus"
      }
    },
    "node_modules/type-fest": {
      "version": "5.6.0",
      "resolved": "https://registry.npmjs.org/type-fest/-/type-fest-5.6.0.tgz",
      "integrity": "sha512-8ZiHFm91orbSAe2PSAiSVBVko18pbhbiB3U9GglSzF/zCGkR+rxpHx6sEMCUm4kxY4LjDIUGgCfUMtwfZfjfUA==",
      "license": "(MIT OR CC0-1.0)",
      "dependencies": {
        "tagged-tag": "^1.0.0"
      },
      "engines": {
        "node": ">=20"
      },
      "funding": {
        "url": "https://github.com/sponsors/sindresorhus"
      }
    }
  }
}
